
Microsoft Visual Studio Solution File, Format Version 12.00
# Visual Studio Version 17
VisualStudioVersion = 17.6.33723.286
MinimumVisualStudioVersion = 10.0.40219.1
Project("{FAE04EC0-301F-11D3-BF4B-00C04F79EFBC}") = "ProjetoBanco", "ProjetoBanco.csproj", "{FF8AA98D-F146-414F-BA5C-D98EEA1AE43D}"
EndProject
Global
	GlobalSection(SolutionConfigurationPlatforms) = preSolution
		Debug|Any CPU = Debug|Any CPU
		Release|Any CPU = Release|Any CPU
	EndGlobalSection
	GlobalSection(ProjectConfigurationPlatforms) = postSolution
		{FF8AA98D-F146-414F-BA5C-D98EEA1AE43D}.Debug|Any CPU.ActiveCfg = Debug|Any CPU
		{FF8AA98D-F146-414F-BA5C-D98EEA1AE43D}.Debug|Any CPU.Build.0 = Debug|Any CPU
		{FF8AA98D-F146-414F-BA5C-D98EEA1AE43D}.Release|Any CPU.ActiveCfg = Release|Any CPU
		{FF8AA98D-F146-414F-BA5C-D98EEA1AE43D}.Release|Any CPU.Build.0 = Release|Any CPU
	EndGlobalSection
	GlobalSection(SolutionProperties) = preSolution
		HideSolutionNode = FALSE
	EndGlobalSection
	GlobalSection(ExtensibilityGlobals) = postSolution
		SolutionGuid = {CF845683-EA3A-49EB-9A77-7F5334C1436E}
	EndGlobalSection
EndGlobal
