
Microsoft Visual Studio Solution File, Format Version 12.00
# Visual Studio Version 17
VisualStudioVersion = 17.6.33723.286
MinimumVisualStudioVersion = 10.0.40219.1
Project("{FAE04EC0-301F-11D3-BF4B-00C04F79EFBC}") = "BancoAtividadeInterface", "BancoAtividadeInterface.csproj", "{2EBF679D-1605-42C0-BD5D-B23CDBFFB6DF}"
EndProject
Global
	GlobalSection(SolutionConfigurationPlatforms) = preSolution
		Debug|Any CPU = Debug|Any CPU
		Release|Any CPU = Release|Any CPU
	EndGlobalSection
	GlobalSection(ProjectConfigurationPlatforms) = postSolution
		{2EBF679D-1605-42C0-BD5D-B23CDBFFB6DF}.Debug|Any CPU.ActiveCfg = Debug|Any CPU
		{2EBF679D-1605-42C0-BD5D-B23CDBFFB6DF}.Debug|Any CPU.Build.0 = Debug|Any CPU
		{2EBF679D-1605-42C0-BD5D-B23CDBFFB6DF}.Release|Any CPU.ActiveCfg = Release|Any CPU
		{2EBF679D-1605-42C0-BD5D-B23CDBFFB6DF}.Release|Any CPU.Build.0 = Release|Any CPU
	EndGlobalSection
	GlobalSection(SolutionProperties) = preSolution
		HideSolutionNode = FALSE
	EndGlobalSection
	GlobalSection(ExtensibilityGlobals) = postSolution
		SolutionGuid = {A6C3B6BB-5533-47A5-8994-27E11D69DDCC}
	EndGlobalSection
EndGlobal
